// !$*UTF8*$!
{
	archiveVersion = 1;
	classes = {
	};
	objectVersion = 46;
	objects = {

/* Begin PBXBuildFile section */
		9FB903491A93B75500690E4B /* AppDelegate.swift in Sources */ = {isa = PBXBuildFile; fileRef = 9FB903481A93B75500690E4B /* AppDelegate.swift */; };
		9FB9034B1A93B75500690E4B /* ViewController.swift in Sources */ = {isa = PBXBuildFile; fileRef = 9FB9034A1A93B75500690E4B /* ViewController.swift */; };
		9FB9034E1A93B75500690E4B /* Main.storyboard in Resources */ = {isa = PBXBuildFile; fileRef = 9FB9034C1A93B75500690E4B /* Main.storyboard */; };
		9FB903501A93B75500690E4B /* Images.xcassets in Resources */ = {isa = PBXBuildFile; fileRef = 9FB9034F1A93B75500690E4B /* Images.xcassets */; };
		9FB903531A93B75500690E4B /* LaunchScreen.xib in Resources */ = {isa = PBXBuildFile; fileRef = 9FB903511A93B75500690E4B /* LaunchScreen.xib */; };
		9FB9035F1A93B75500690E4B /* UITableViewAssignmentTests.swift in Sources */ = {isa = PBXBuildFile; fileRef = 9FB9035E1A93B75500690E4B /* UITableViewAssignmentTests.swift */; };
/* End PBXBuildFile section */

/* Begin PBXContainerItemProxy section */
		9FB903591A93B75500690E4B /* PBXContainerItemProxy */ = {
			isa = PBXContainerItemProxy;
			containerPortal = 9FB9033B1A93B75500690E4B /* Project object */;
			proxyType = 1;
			remoteGlobalIDString = 9FB903421A93B75500690E4B;
			remoteInfo = UITableViewAssignment;
		};
/* End PBXContainerItemProxy section */

/* Begin PBXFileReference section */
		9FB903431A93B75500690E4B /* UITableViewAssignment.app */ = {isa = PBXFileReference; explicitFileType = wrapper.application; includeInIndex = 0; path = UITableViewAssignment.app; sourceTree = BUILT_PRODUCTS_DIR; };
		9FB903471A93B75500690E4B /* Info.plist */ = {isa = PBXFileReference; lastKnownFileType = text.plist.xml; path = Info.plist; sourceTree = "<group>"; };
		9FB903481A93B75500690E4B /* AppDelegate.swift */ = {isa = PBXFileReference; lastKnownFileType = sourcecode.swift; path = AppDelegate.swift; sourceTree = "<group>"; };
		9FB9034A1A93B75500690E4B /* ViewController.swift */ = {isa = PBXFileReference; lastKnownFileType = sourcecode.swift; path = ViewController.swift; sourceTree = "<group>"; };
		9FB9034D1A93B75500690E4B /* Base */ = {isa = PBXFileReference; lastKnownFileType = file.storyboard; name = Base; path = Base.lproj/Main.storyboard; sourceTree = "<group>"; };
		9FB9034F1A93B75500690E4B /* Images.xcassets */ = {isa = PBXFileReference; lastKnownFileType = folder.assetcatalog; path = Images.xcassets; sourceTree = "<group>"; };
		9FB903521A93B75500690E4B /* Base */ = {isa = PBXFileReference; lastKnownFileType = file.xib; name = Base; path = Base.lproj/LaunchScreen.xib; sourceTree = "<group>"; };
		9FB903581A93B75500690E4B /* UITableViewAssignmentTests.xctest */ = {isa = PBXFileReference; explicitFileType = wrapper.cfbundle; includeInIndex = 0; path = UITableViewAssignmentTests.xctest; sourceTree = BUILT_PRODUCTS_DIR; };
		9FB9035D1A93B75500690E4B /* Info.plist */ = {isa = PBXFileReference; lastKnownFileType = text.plist.xml; path = Info.plist; sourceTree = "<group>"; };
		9FB9035E1A93B75500690E4B /* UITableViewAssignmentTests.swift */ = {isa = PBXFileReference; lastKnownFileType = sourcecode.swift; path = UITableViewAssignmentTests.swift; sourceTree = "<group>"; };
/* End PBXFileReference section */

/* Begin PBXFrameworksBuildPhase section */
		9FB903401A93B75500690E4B /* Frameworks */ = {
			isa = PBXFrameworksBuildPhase;
			buildActionMask = 2147483647;
			files = (
			);
			runOnlyForDeploymentPostprocessing = 0;
		};
		9FB903551A93B75500690E4B /* Frameworks */ = {
			isa = PBXFrameworksBuildPhase;
			buildActionMask = 2147483647;
			files = (
			);
			runOnlyForDeploymentPostprocessing = 0;
		};
/* End PBXFrameworksBuildPhase section */

/* Begin PBXGroup section */
		9FB9033A1A93B75500690E4B = {
			isa = PBXGroup;
			children = (
				9FB903451A93B75500690E4B /* UITableViewAssignment */,
				9FB9035B1A93B75500690E4B /* UITableViewAssignmentTests */,
				9FB903441A93B75500690E4B /* Products */,
			);
			sourceTree = "<group>";
		};
		9FB903441A93B75500690E4B /* Products */ = {
			isa = PBXGroup;
			children = (
				9FB903431A93B75500690E4B /* UITableViewAssignment.app */,
				9FB903581A93B75500690E4B /* UITableViewAssignmentTests.xctest */,
			);
			name = Products;
			sourceTree = "<group>";
		};
		9FB903451A93B75500690E4B /* UITableViewAssignment */ = {
			isa = PBXGroup;
			children = (
				9FB903481A93B75500690E4B /* AppDelegate.swift */,
				9FB9034A1A93B75500690E4B /* ViewController.swift */,
				9FB9034C1A93B75500690E4B /* Main.storyboard */,
				9FB9034F1A93B75500690E4B /* Images.xcassets */,
				9FB903511A93B75500690E4B /* LaunchScreen.xib */,
				9FB903461A93B75500690E4B /* Supporting Files */,
			);
			path = UITableViewAssignment;
			sourceTree = "<group>";
		};
		9FB903461A93B75500690E4B /* Supporting Files */ = {
			isa = PBXGroup;
			children = (
				9FB903471A93B75500690E4B /* Info.plist */,
			);
			name = "Supporting Files";
			sourceTree = "<group>";
		};
		9FB9035B1A93B75500690E4B /* UITableViewAssignmentTests */ = {
			isa = PBXGroup;
			children = (
				9FB9035E1A93B75500690E4B /* UITableViewAssignmentTests.swift */,
				9FB9035C1A93B75500690E4B /* Supporting Files */,
			);
			path = UITableViewAssignmentTests;
			sourceTree = "<group>";
		};
		9FB9035C1A93B75500690E4B /* Supporting Files */ = {
			isa = PBXGroup;
			children = (
				9FB9035D1A93B75500690E4B /* Info.plist */,
			);
			name = "Supporting Files";
			sourceTree = "<group>";
		};
/* End PBXGroup section */

/* Begin PBXNativeTarget section */
		9FB903421A93B75500690E4B /* UITableViewAssignment */ = {
			isa = PBXNativeTarget;
			buildConfigurationList = 9FB903621A93B75500690E4B /* Build configuration list for PBXNativeTarget "UITableViewAssignment" */;
			buildPhases = (
				9FB9033F1A93B75500690E4B /* Sources */,
				9FB903401A93B75500690E4B /* Frameworks */,
				9FB903411A93B75500690E4B /* Resources */,
			);
			buildRules = (
			);
			dependencies = (
			);
			name = UITableViewAssignment;
			productName = UITableViewAssignment;
			productReference = 9FB903431A93B75500690E4B /* UITableViewAssignment.app */;
			productType = "com.apple.product-type.application";
		};
		9FB903571A93B75500690E4B /* UITableViewAssignmentTests */ = {
			isa = PBXNativeTarget;
			buildConfigurationList = 9FB903651A93B75500690E4B /* Build configuration list for PBXNativeTarget "UITableViewAssignmentTests" */;
			buildPhases = (
				9FB903541A93B75500690E4B /* Sources */,
				9FB903551A93B75500690E4B /* Frameworks */,
				9FB903561A93B75500690E4B /* Resources */,
			);
			buildRules = (
			);
			dependencies = (
				9FB9035A1A93B75500690E4B /* PBXTargetDependency */,
			);
			name = UITableViewAssignmentTests;
			productName = UITableViewAssignmentTests;
			productReference = 9FB903581A93B75500690E4B /* UITableViewAssignmentTests.xctest */;
			productType = "com.apple.product-type.bundle.unit-test";
		};
/* End PBXNativeTarget section */

/* Begin PBXProject section */
		9FB9033B1A93B75500690E4B /* Project object */ = {
			isa = PBXProject;
			attributes = {
				LastUpgradeCheck = 0610;
				ORGANIZATIONNAME = Santhoshi;
				TargetAttributes = {
					9FB903421A93B75500690E4B = {
						CreatedOnToolsVersion = 6.1.1;
					};
					9FB903571A93B75500690E4B = {
						CreatedOnToolsVersion = 6.1.1;
						TestTargetID = 9FB903421A93B75500690E4B;
					};
				};
			};
			buildConfigurationList = 9FB9033E1A93B75500690E4B /* Build configuration list for PBXProject "UITableViewAssignment" */;
			compatibilityVersion = "Xcode 3.2";
			developmentRegion = English;
			hasScannedForEncodings = 0;
			knownRegions = (
				en,
				Base,
			);
			mainGroup = 9FB9033A1A93B75500690E4B;
			productRefGroup = 9FB903441A93B75500690E4B /* Products */;
			projectDirPath = "";
			projectRoot = "";
			targets = (
				9FB903421A93B75500690E4B /* UITableViewAssignment */,
				9FB903571A93B75500690E4B /* UITableViewAssignmentTests */,
			);
		};
/* End PBXProject section */

/* Begin PBXResourcesBuildPhase section */
		9FB903411A93B75500690E4B /* Resources */ = {
			isa = PBXResourcesBuildPhase;
			buildActionMask = 2147483647;
			files = (
				9FB9034E1A93B75500690E4B /* Main.storyboard in Resources */,
				9FB903531A93B75500690E4B /* LaunchScreen.xib in Resources */,
				9FB903501A93B75500690E4B /* Images.xcassets in Resources */,
			);
			runOnlyForDeploymentPostprocessing = 0;
		};
		9FB903561A93B75500690E4B /* Resources */ = {
			isa = PBXResourcesBuildPhase;
			buildActionMask = 2147483647;
			files = (
			);
			runOnlyForDeploymentPostprocessing = 0;
		};
/* End PBXResourcesBuildPhase section */

/* Begin PBXSourcesBuildPhase section */
		9FB9033F1A93B75500690E4B /* Sources */ = {
			isa = PBXSourcesBuildPhase;
			buildActionMask = 2147483647;
			files = (
				9FB9034B1A93B75500690E4B /* ViewController.swift in Sources */,
				9FB903491A93B75500690E4B /* AppDelegate.swift in Sources */,
			);
			runOnlyForDeploymentPostprocessing = 0;
		};
		9FB903541A93B75500690E4B /* Sources */ = {
			isa = PBXSourcesBuildPhase;
			buildActionMask = 2147483647;
			files = (
				9FB9035F1A93B75500690E4B /* UITableViewAssignmentTests.swift in Sources */,
			);
			runOnlyForDeploymentPostprocessing = 0;
		};
/* End PBXSourcesBuildPhase section */

/* Begin PBXTargetDependency section */
		9FB9035A1A93B75500690E4B /* PBXTargetDependency */ = {
			isa = PBXTargetDependency;
			target = 9FB903421A93B75500690E4B /* UITableViewAssignment */;
			targetProxy = 9FB903591A93B75500690E4B /* PBXContainerItemProxy */;
		};
/* End PBXTargetDependency section */

/* Begin PBXVariantGroup section */
		9FB9034C1A93B75500690E4B /* Main.storyboard */ = {
			isa = PBXVariantGroup;
			children = (
				9FB9034D1A93B75500690E4B /* Base */,
			);
			name = Main.storyboard;
			sourceTree = "<group>";
		};
		9FB903511A93B75500690E4B /* LaunchScreen.xib */ = {
			isa = PBXVariantGroup;
			children = (
				9FB903521A93B75500690E4B /* Base */,
			);
			name = LaunchScreen.xib;
			sourceTree = "<group>";
		};
/* End PBXVariantGroup section */

/* Begin XCBuildConfiguration section */
		9FB903601A93B75500690E4B /* Debug */ = {
			isa = XCBuildConfiguration;
			buildSettings = {
				ALWAYS_SEARCH_USER_PATHS = NO;
				CLANG_CXX_LANGUAGE_STANDARD = "gnu++0x";
				CLANG_CXX_LIBRARY = "libc++";
				CLANG_ENABLE_MODULES = YES;
				CLANG_ENABLE_OBJC_ARC = YES;
				CLANG_WARN_BOOL_CONVERSION = YES;
				CLANG_WARN_CONSTANT_CONVERSION = YES;
				CLANG_WARN_DIRECT_OBJC_ISA_USAGE = YES_ERROR;
				CLANG_WARN_EMPTY_BODY = YES;
				CLANG_WARN_ENUM_CONVERSION = YES;
				CLANG_WARN_INT_CONVERSION = YES;
				CLANG_WARN_OBJC_ROOT_CLASS = YES_ERROR;
				CLANG_WARN_UNREACHABLE_CODE = YES;
				CLANG_WARN__DUPLICATE_METHOD_MATCH = YES;
				"CODE_SIGN_IDENTITY[sdk=iphoneos*]" = "iPhone Developer";
				COPY_PHASE_STRIP = NO;
				ENABLE_STRICT_OBJC_MSGSEND = YES;
				GCC_C_LANGUAGE_STANDARD = gnu99;
				GCC_DYNAMIC_NO_PIC = NO;
				GCC_OPTIMIZATION_LEVEL = 0;
				GCC_PREPROCESSOR_DEFINITIONS = (
					"DEBUG=1",
					"$(inherited)",
				);
				GCC_SYMBOLS_PRIVATE_EXTERN = NO;
				GCC_WARN_64_TO_32_BIT_CONVERSION = YES;
				GCC_WARN_ABOUT_RETURN_TYPE = YES_ERROR;
				GCC_WARN_UNDECLARED_SELECTOR = YES;
				GCC_WARN_UNINITIALIZED_AUTOS = YES_AGGRESSIVE;
				GCC_WARN_UNUSED_FUNCTION = YES;
				GCC_WARN_UNUSED_VARIABLE = YES;
				IPHONEOS_DEPLOYMENT_TARGET = 8.1;
				MTL_ENABLE_DEBUG_INFO = YES;
				ONLY_ACTIVE_ARCH = YES;
				SDKROOT = iphoneos;
				SWIFT_OPTIMIZATION_LEVEL = "-Onone";
			};
			name = Debug;
		};
		9FB903611A93B75500690E4B /* Release */ = {
			isa = XCBuildConfiguration;
			buildSettings = {
				ALWAYS_SEARCH_USER_PATHS = NO;
				CLANG_CXX_LANGUAGE_STANDARD = "gnu++0x";
				CLANG_CXX_LIBRARY = "libc++";
				CLANG_ENABLE_MODULES = YES;
				CLANG_ENABLE_OBJC_ARC = YES;
				CLANG_WARN_BOOL_CONVERSION = YES;
				CLANG_WARN_CONSTANT_CONVERSION = YES;
				CLANG_WARN_DIRECT_OBJC_ISA_USAGE = YES_ERROR;
				CLANG_WARN_EMPTY_BODY = YES;
				CLANG_WARN_ENUM_CONVERSION = YES;
				CLANG_WARN_INT_CONVERSION = YES;
				CLANG_WARN_OBJC_ROOT_CLASS = YES_ERROR;
				CLANG_WARN_UNREACHABLE_CODE = YES;
				CLANG_WARN__DUPLICATE_METHOD_MATCH = YES;
				"CODE_SIGN_IDENTITY[sdk=iphoneos*]" = "iPhone Developer";
				COPY_PHASE_STRIP = YES;
				ENABLE_NS_ASSERTIONS = NO;
				ENABLE_STRICT_OBJC_MSGSEND = YES;
				GCC_C_LANGUAGE_STANDARD = gnu99;
				GCC_WARN_64_TO_32_BIT_CONVERSION = YES;
				GCC_WARN_ABOUT_RETURN_TYPE = YES_ERROR;
				GCC_WARN_UNDECLARED_SELECTOR = YES;
				GCC_WARN_UNINITIALIZED_AUTOS = YES_AGGRESSIVE;
				GCC_WARN_UNUSED_FUNCTION = YES;
				GCC_WARN_UNUSED_VARIABLE = YES;
				IPHONEOS_DEPLOYMENT_TARGET = 8.1;
				MTL_ENABLE_DEBUG_INFO = NO;
				SDKROOT = iphoneos;
				VALIDATE_PRODUCT = YES;
			};
			name = Release;
		};
		9FB903631A93B75500690E4B /* Debug */ = {
			isa = XCBuildConfiguration;
			buildSettings = {
				ASSETCATALOG_COMPILER_APPICON_NAME = AppIcon;
				INFOPLIST_FILE = UITableViewAssignment/Info.plist;
				LD_RUNPATH_SEARCH_PATHS = "$(inherited) @executable_path/Frameworks";
				PRODUCT_NAME = "$(TARGET_NAME)";
			};
			name = Debug;
		};
		9FB903641A93B75500690E4B /* Release */ = {
			isa = XCBuildConfiguration;
			buildSettings = {
				ASSETCATALOG_COMPILER_APPICON_NAME = AppIcon;
				INFOPLIST_FILE = UITableViewAssignment/Info.plist;
				LD_RUNPATH_SEARCH_PATHS = "$(inherited) @executable_path/Frameworks";
				PRODUCT_NAME = "$(TARGET_NAME)";
			};
			name = Release;
		};
		9FB903661A93B75500690E4B /* Debug */ = {
			isa = XCBuildConfiguration;
			buildSettings = {
				BUNDLE_LOADER = "$(TEST_HOST)";
				FRAMEWORK_SEARCH_PATHS = (
					"$(SDKROOT)/Developer/Library/Frameworks",
					"$(inherited)",
				);
				GCC_PREPROCESSOR_DEFINITIONS = (
					"DEBUG=1",
					"$(inherited)",
				);
				INFOPLIST_FILE = UITableViewAssignmentTests/Info.plist;
				LD_RUNPATH_SEARCH_PATHS = "$(inherited) @executable_path/Frameworks @loader_path/Frameworks";
				PRODUCT_NAME = "$(TARGET_NAME)";
				TEST_HOST = "$(BUILT_PRODUCTS_DIR)/UITableViewAssignment.app/UITableViewAssignment";
			};
			name = Debug;
		};
		9FB903671A93B75500690E4B /* Release */ = {
			isa = XCBuildConfiguration;
			buildSettings = {
				BUNDLE_LOADER = "$(TEST_HOST)";
				FRAMEWORK_SEARCH_PATHS = (
					"$(SDKROOT)/Developer/Library/Frameworks",
					"$(inherited)",
				);
				INFOPLIST_FILE = UITableViewAssignmentTests/Info.plist;
				LD_RUNPATH_SEARCH_PATHS = "$(inherited) @executable_path/Frameworks @loader_path/Frameworks";
				PRODUCT_NAME = "$(TARGET_NAME)";
				TEST_HOST = "$(BUILT_PRODUCTS_DIR)/UITableViewAssignment.app/UITableViewAssignment";
			};
			name = Release;
		};
/* End XCBuildConfiguration section */

/* Begin XCConfigurationList section */
		9FB9033E1A93B75500690E4B /* Build configuration list for PBXProject "UITableViewAssignment" */ = {
			isa = XCConfigurationList;
			buildConfigurations = (
				9FB903601A93B75500690E4B /* Debug */,
				9FB903611A93B75500690E4B /* Release */,
			);
			defaultConfigurationIsVisible = 0;
			defaultConfigurationName = Release;
		};
		9FB903621A93B75500690E4B /* Build configuration list for PBXNativeTarget "UITableViewAssignment" */ = {
			isa = XCConfigurationList;
			buildConfigurations = (
				9FB903631A93B75500690E4B /* Debug */,
				9FB903641A93B75500690E4B /* Release */,
			);
			defaultConfigurationIsVisible = 0;
		};
		9FB903651A93B75500690E4B /* Build configuration list for PBXNativeTarget "UITableViewAssignmentTests" */ = {
			isa = XCConfigurationList;
			buildConfigurations = (
				9FB903661A93B75500690E4B /* Debug */,
				9FB903671A93B75500690E4B /* Release */,
			);
			defaultConfigurationIsVisible = 0;
		};
/* End XCConfigurationList section */
	};
	rootObject = 9FB9033B1A93B75500690E4B /* Project object */;
}
